
Microsoft Visual Studio Solution File, Format Version 12.00
# Visual Studio Version 16
VisualStudioVersion = 16.0.30711.63
MinimumVisualStudioVersion = 10.0.40219.1
Project("{9A19103F-16F7-4668-BE54-9A1E7A4F7556}") = "SpeedifyCliWrapper", "SpeedifyCliWrapper\SpeedifyCliWrapper.csproj", "{DEC330D4-62E1-4E93-8C10-2E1FCAD7EC99}"
EndProject
Project("{FAE04EC0-301F-11D3-BF4B-00C04F79EFBC}") = "SppedifyCliWrapperTests", "SppedifyCliWrapperTests\SppedifyCliWrapperTests.csproj", "{F494B7EB-1FE7-4635-8AF7-FC8F8C0A620E}"
EndProject
Project("{9A19103F-16F7-4668-BE54-9A1E7A4F7556}") = "SpeedifyCliWrapper.SourceGenerators", "SpeedifyCliWrapper.SourceGenerators\SpeedifyCliWrapper.SourceGenerators.csproj", "{66735005-D6B6-434F-8925-ABCACA56E9B3}"
EndProject
Global
	GlobalSection(SolutionConfigurationPlatforms) = preSolution
		Debug|Any CPU = Debug|Any CPU
		Gen_Debug|Any CPU = Gen_Debug|Any CPU
		Release|Any CPU = Release|Any CPU
	EndGlobalSection
	GlobalSection(ProjectConfigurationPlatforms) = postSolution
		{DEC330D4-62E1-4E93-8C10-2E1FCAD7EC99}.Debug|Any CPU.ActiveCfg = Debug|Any CPU
		{DEC330D4-62E1-4E93-8C10-2E1FCAD7EC99}.Debug|Any CPU.Build.0 = Debug|Any CPU
		{DEC330D4-62E1-4E93-8C10-2E1FCAD7EC99}.Gen_Debug|Any CPU.ActiveCfg = Gen_Debug|Any CPU
		{DEC330D4-62E1-4E93-8C10-2E1FCAD7EC99}.Gen_Debug|Any CPU.Build.0 = Gen_Debug|Any CPU
		{DEC330D4-62E1-4E93-8C10-2E1FCAD7EC99}.Release|Any CPU.ActiveCfg = Release|Any CPU
		{DEC330D4-62E1-4E93-8C10-2E1FCAD7EC99}.Release|Any CPU.Build.0 = Release|Any CPU
		{F494B7EB-1FE7-4635-8AF7-FC8F8C0A620E}.Debug|Any CPU.ActiveCfg = Debug|Any CPU
		{F494B7EB-1FE7-4635-8AF7-FC8F8C0A620E}.Debug|Any CPU.Build.0 = Debug|Any CPU
		{F494B7EB-1FE7-4635-8AF7-FC8F8C0A620E}.Gen_Debug|Any CPU.ActiveCfg = Gen_Debug|Any CPU
		{F494B7EB-1FE7-4635-8AF7-FC8F8C0A620E}.Gen_Debug|Any CPU.Build.0 = Gen_Debug|Any CPU
		{F494B7EB-1FE7-4635-8AF7-FC8F8C0A620E}.Release|Any CPU.ActiveCfg = Release|Any CPU
		{F494B7EB-1FE7-4635-8AF7-FC8F8C0A620E}.Release|Any CPU.Build.0 = Release|Any CPU
		{66735005-D6B6-434F-8925-ABCACA56E9B3}.Debug|Any CPU.ActiveCfg = Debug|Any CPU
		{66735005-D6B6-434F-8925-ABCACA56E9B3}.Debug|Any CPU.Build.0 = Debug|Any CPU
		{66735005-D6B6-434F-8925-ABCACA56E9B3}.Gen_Debug|Any CPU.ActiveCfg = Gen_Debug|Any CPU
		{66735005-D6B6-434F-8925-ABCACA56E9B3}.Gen_Debug|Any CPU.Build.0 = Gen_Debug|Any CPU
		{66735005-D6B6-434F-8925-ABCACA56E9B3}.Release|Any CPU.ActiveCfg = Release|Any CPU
		{66735005-D6B6-434F-8925-ABCACA56E9B3}.Release|Any CPU.Build.0 = Release|Any CPU
	EndGlobalSection
	GlobalSection(SolutionProperties) = preSolution
		HideSolutionNode = FALSE
	EndGlobalSection
	GlobalSection(ExtensibilityGlobals) = postSolution
		SolutionGuid = {CE6A66E5-6BD1-45D0-A1DF-C4541B041C4B}
	EndGlobalSection
EndGlobal
